
Microsoft Visual Studio Solution File, Format Version 12.00
# Visual Studio 14
VisualStudioVersion = 14.0.23107.0
MinimumVisualStudioVersion = 10.0.40219.1
Project("{FAE04EC0-301F-11D3-BF4B-00C04F79EFBC}") = "ActionQueue", "ActionQueue\ActionQueue.csproj", "{40D33A6B-5545-4FE4-9265-8740ACC4A7BC}"
EndProject
Project("{FAE04EC0-301F-11D3-BF4B-00C04F79EFBC}") = "ActionQueueTests", "ActionQueueTests\ActionQueueTests.csproj", "{24E02D29-4D10-4453-A159-2C7E66DCA6C8}"
EndProject
Global
	GlobalSection(SolutionConfigurationPlatforms) = preSolution
		Debug|Any CPU = Debug|Any CPU
		Release|Any CPU = Release|Any CPU
	EndGlobalSection
	GlobalSection(ProjectConfigurationPlatforms) = postSolution
		{40D33A6B-5545-4FE4-9265-8740ACC4A7BC}.Debug|Any CPU.ActiveCfg = Debug|Any CPU
		{40D33A6B-5545-4FE4-9265-8740ACC4A7BC}.Debug|Any CPU.Build.0 = Debug|Any CPU
		{40D33A6B-5545-4FE4-9265-8740ACC4A7BC}.Release|Any CPU.ActiveCfg = Release|Any CPU
		{40D33A6B-5545-4FE4-9265-8740ACC4A7BC}.Release|Any CPU.Build.0 = Release|Any CPU
		{24E02D29-4D10-4453-A159-2C7E66DCA6C8}.Debug|Any CPU.ActiveCfg = Debug|Any CPU
		{24E02D29-4D10-4453-A159-2C7E66DCA6C8}.Debug|Any CPU.Build.0 = Debug|Any CPU
		{24E02D29-4D10-4453-A159-2C7E66DCA6C8}.Release|Any CPU.ActiveCfg = Release|Any CPU
		{24E02D29-4D10-4453-A159-2C7E66DCA6C8}.Release|Any CPU.Build.0 = Release|Any CPU
	EndGlobalSection
	GlobalSection(SolutionProperties) = preSolution
		HideSolutionNode = FALSE
	EndGlobalSection
EndGlobal
